{
	"name": "@gandolphinnn/graphics2",
	"version": "1.0.3",
	"lockfileVersion": 3,
	"requires": true,
	"packages": {
		"": {
			"name": "@gandolphinnn/graphics2",
			"version": "1.0.3",
			"license": "ISC",
			"dependencies": {
				"@gandolphinnn/utils": "^2.0.0"
			}
		},
		"node_modules/@gandolphinnn/utils": {
			"version": "2.0.0",
			"resolved": "https://registry.npmjs.org/@gandolphinnn/utils/-/utils-2.0.0.tgz",
			"integrity": "sha512-IMW8yCqkcWw53H+W3WD/cW7dBVrixtlLhpxsaWdQnh1rPPUVmxrPxwIlDnd+0d7zncWqTFaaiQf6Jra5fbcfzA=="
		}
	}
}
