{
	"name": "@gandolphinnn/graphics2",
	"version": "1.0.3",
	"lockfileVersion": 3,
	"requires": true,
	"packages": {
		"": {
			"name": "@gandolphinnn/graphics2",
			"version": "1.0.3",
			"license": "ISC",
			"dependencies": {
				"@gandolphinnn/utils": "^3.1.0"
			}
		},
		"node_modules/@gandolphinnn/utils": {
			"version": "3.1.0",
			"resolved": "https://registry.npmjs.org/@gandolphinnn/utils/-/utils-3.1.0.tgz",
			"integrity": "sha512-5F83sSr4vZyinkfXTtkNzNRfjs41tsWU1VLV+jXPa/T2tDdZyFcgHyLJ8KxkABwMdN+C5601HXjc0j9o3g+fFg==",
			"dependencies": {
				"linq": "^4.0.2"
			}
		},
		"node_modules/linq": {
			"version": "4.0.2",
			"resolved": "https://registry.npmjs.org/linq/-/linq-4.0.2.tgz",
			"integrity": "sha512-aC2gfJgXgq97QVFuBRfD8pW1L21NYeC9sSomvX37ROSnqDFH98od96CfH61V28SN/OGjTCvxTCnHqW8ti02WDQ==",
			"engines": {
				"node": "*"
			}
		}
	}
}
