{
	"name": "@gandolphinnn/graphics2",
	"version": "1.0.3",
	"lockfileVersion": 3,
	"requires": true,
	"packages": {
		"": {
			"name": "@gandolphinnn/graphics2",
			"version": "1.0.3",
			"license": "ISC",
			"dependencies": {
				"@gandolphinnn/utils": "^1.0.3"
			}
		},
		"node_modules/@gandolphinnn/utils": {
			"version": "1.0.4",
			"resolved": "https://registry.npmjs.org/@gandolphinnn/utils/-/utils-1.0.4.tgz",
			"integrity": "sha512-3wQ1UtQ0V/TUtRxT6GeJ/2JQ5VXTp+NvAOXBmBNtvnmC8AqRo7GTCz43+09xd29Bwjl68lPRNT31bJRBEqXTNA=="
		}
	}
}
